
Microsoft Visual Studio Solution File, Format Version 12.00
# Visual Studio Version 17
VisualStudioVersion = 17.4.33122.133
MinimumVisualStudioVersion = 10.0.40219.1
Project("{FAE04EC0-301F-11D3-BF4B-00C04F79EFBC}") = "Task1", "Task1.csproj", "{3D6C13EE-C470-46C4-9F03-176A07DB7428}"
EndProject
Project("{FAE04EC0-301F-11D3-BF4B-00C04F79EFBC}") = "Task2", "..\Task2\Task2.csproj", "{C61616F2-B15B-4A93-AE6E-09C745BCDE1C}"
EndProject
Project("{FAE04EC0-301F-11D3-BF4B-00C04F79EFBC}") = "Task3", "..\Task3\Task3.csproj", "{B94B5784-0F4D-4B0A-9144-814AB1B754C2}"
EndProject
Global
	GlobalSection(SolutionConfigurationPlatforms) = preSolution
		Debug|Any CPU = Debug|Any CPU
		Release|Any CPU = Release|Any CPU
	EndGlobalSection
	GlobalSection(ProjectConfigurationPlatforms) = postSolution
		{3D6C13EE-C470-46C4-9F03-176A07DB7428}.Debug|Any CPU.ActiveCfg = Debug|Any CPU
		{3D6C13EE-C470-46C4-9F03-176A07DB7428}.Debug|Any CPU.Build.0 = Debug|Any CPU
		{3D6C13EE-C470-46C4-9F03-176A07DB7428}.Release|Any CPU.ActiveCfg = Release|Any CPU
		{3D6C13EE-C470-46C4-9F03-176A07DB7428}.Release|Any CPU.Build.0 = Release|Any CPU
		{C61616F2-B15B-4A93-AE6E-09C745BCDE1C}.Debug|Any CPU.ActiveCfg = Debug|Any CPU
		{C61616F2-B15B-4A93-AE6E-09C745BCDE1C}.Debug|Any CPU.Build.0 = Debug|Any CPU
		{C61616F2-B15B-4A93-AE6E-09C745BCDE1C}.Release|Any CPU.ActiveCfg = Release|Any CPU
		{C61616F2-B15B-4A93-AE6E-09C745BCDE1C}.Release|Any CPU.Build.0 = Release|Any CPU
		{B94B5784-0F4D-4B0A-9144-814AB1B754C2}.Debug|Any CPU.ActiveCfg = Debug|Any CPU
		{B94B5784-0F4D-4B0A-9144-814AB1B754C2}.Debug|Any CPU.Build.0 = Debug|Any CPU
		{B94B5784-0F4D-4B0A-9144-814AB1B754C2}.Release|Any CPU.ActiveCfg = Release|Any CPU
		{B94B5784-0F4D-4B0A-9144-814AB1B754C2}.Release|Any CPU.Build.0 = Release|Any CPU
	EndGlobalSection
	GlobalSection(SolutionProperties) = preSolution
		HideSolutionNode = FALSE
	EndGlobalSection
	GlobalSection(ExtensibilityGlobals) = postSolution
		SolutionGuid = {1086D973-D82E-4AA6-8A62-28626BFC1087}
	EndGlobalSection
EndGlobal
